
Microsoft Visual Studio Solution File, Format Version 12.00
Project("{FAE04EC0-301F-11D3-BF4B-00C04F79EFBC}") = "BackgroundRateService.Background", "BackgroundRateService.Background\BackgroundRateService.Background.csproj", "{A46F1FA8-98D3-493F-A6AB-59E073C76DEC}"
EndProject
Project("{FAE04EC0-301F-11D3-BF4B-00C04F79EFBC}") = "MigrationService.Api", "MigrationService.Api\MigrationService.Api.csproj", "{CE54C8E4-DA76-49DD-A44D-441CC7B94C4F}"
EndProject
Project("{2150E333-8FDC-42A3-9474-1A3956D46DE8}") = "UserService", "UserService", "{AB4205C6-CB82-4262-A389-C16CFC132E3D}"
EndProject
Project("{FAE04EC0-301F-11D3-BF4B-00C04F79EFBC}") = "UserService.Api", "UserService.Api\UserService.Api.csproj", "{A582B20E-01AB-48CE-97CE-399913C83B4A}"
EndProject
Project("{FAE04EC0-301F-11D3-BF4B-00C04F79EFBC}") = "UserService.Application", "UserService.Application\UserService.Application.csproj", "{580D008F-F0E1-4958-8DF7-B3F3D606F55C}"
EndProject
Project("{FAE04EC0-301F-11D3-BF4B-00C04F79EFBC}") = "UserService.Domain", "UserService.Domain\UserService.Domain.csproj", "{EA44C28A-0BE3-4DD5-A660-4F123A259E9C}"
EndProject
Project("{FAE04EC0-301F-11D3-BF4B-00C04F79EFBC}") = "UserService.Infrastructure", "UserService.Infrastructure\UserService.Infrastructure.csproj", "{F3DBDE71-175C-451A-8356-42B09A6FCC4E}"
EndProject
Project("{2150E333-8FDC-42A3-9474-1A3956D46DE8}") = "BackgroundRateService", "BackgroundRateService", "{4BF9E20A-F093-48FF-8EEE-1787FFEF9D4D}"
EndProject
Project("{2150E333-8FDC-42A3-9474-1A3956D46DE8}") = "MigrationService", "MigrationService", "{574FFA52-B60F-45A2-B530-78BB79AAD715}"
EndProject
Project("{2150E333-8FDC-42A3-9474-1A3956D46DE8}") = "FinanceService", "FinanceService", "{9CB29F0B-47D8-46A8-BE82-75BAB099C036}"
	ProjectSection(SolutionItems) = preProject
		TokensDbContextFactory.cs = TokensDbContextFactory.cs
	EndProjectSection
EndProject
Project("{FAE04EC0-301F-11D3-BF4B-00C04F79EFBC}") = "FinanceService.Api", "FinanceService.Api\FinanceService.Api.csproj", "{95106D08-DC46-4118-BD1F-E040F6BC1E28}"
EndProject
Project("{FAE04EC0-301F-11D3-BF4B-00C04F79EFBC}") = "FinanceService.Application", "FinanceService.Application\FinanceService.Application.csproj", "{82002302-588A-4346-A58C-CD5CCF4CA850}"
EndProject
Project("{FAE04EC0-301F-11D3-BF4B-00C04F79EFBC}") = "FinanceService.Infrastructure", "FinanceService.Infrastructure\FinanceService.Infrastructure.csproj", "{926AD0A3-83D1-4E2D-BA3B-7BF9F365ECB3}"
EndProject
Project("{FAE04EC0-301F-11D3-BF4B-00C04F79EFBC}") = "FinanceService.Domain", "FinanceService.Domain\FinanceService.Domain.csproj", "{E6D6459D-128A-4B36-AFD4-6F00B505F90C}"
EndProject
Project("{FAE04EC0-301F-11D3-BF4B-00C04F79EFBC}") = "BackgroundRateService.Application", "BackgroundRateService.Application\BackgroundRateService.Application.csproj", "{BF16CD6E-EAA8-442C-B9FB-353B146D177D}"
EndProject
Project("{FAE04EC0-301F-11D3-BF4B-00C04F79EFBC}") = "BackgroundRateService.Domain", "BackgroundRateService.Domain\BackgroundRateService.Domain.csproj", "{3BA8ACDE-8CF2-4AD0-B651-E15A6DCA314B}"
EndProject
Project("{FAE04EC0-301F-11D3-BF4B-00C04F79EFBC}") = "BackgroundRateService.Infrastructure", "BackgroundRateService.Infrastructure\BackgroundRateService.Infrastructure.csproj", "{A9D39929-6700-4485-A745-7EFECCE93E3F}"
EndProject
Project("{FAE04EC0-301F-11D3-BF4B-00C04F79EFBC}") = "ApiGateway", "ApiGateway\ApiGateway.csproj", "{DB09D551-E10D-48D3-BC46-CC046132DE0D}"
EndProject
Project("{FAE04EC0-301F-11D3-BF4B-00C04F79EFBC}") = "UserService.Tests", "UserService.Tests\UserService.Tests.csproj", "{911ED638-22D4-4DE8-9DC0-22A006394163}"
EndProject
Project("{2150E333-8FDC-42A3-9474-1A3956D46DE8}") = "Microservices.Tests", "Microservices.Tests", "{17AE12B4-7AB2-4968-BD8C-C6676EA2D875}"
EndProject
Project("{FAE04EC0-301F-11D3-BF4B-00C04F79EFBC}") = "FinancialService.Tests", "FinancialService.Tests\FinancialService.Tests.csproj", "{B5F13949-0A8F-4386-8370-663F615D7ACD}"
EndProject
Global
	GlobalSection(SolutionConfigurationPlatforms) = preSolution
		Debug|Any CPU = Debug|Any CPU
		Release|Any CPU = Release|Any CPU
	EndGlobalSection
	GlobalSection(ProjectConfigurationPlatforms) = postSolution
		{A46F1FA8-98D3-493F-A6AB-59E073C76DEC}.Debug|Any CPU.ActiveCfg = Debug|Any CPU
		{A46F1FA8-98D3-493F-A6AB-59E073C76DEC}.Debug|Any CPU.Build.0 = Debug|Any CPU
		{A46F1FA8-98D3-493F-A6AB-59E073C76DEC}.Release|Any CPU.ActiveCfg = Release|Any CPU
		{A46F1FA8-98D3-493F-A6AB-59E073C76DEC}.Release|Any CPU.Build.0 = Release|Any CPU
		{CE54C8E4-DA76-49DD-A44D-441CC7B94C4F}.Debug|Any CPU.ActiveCfg = Debug|Any CPU
		{CE54C8E4-DA76-49DD-A44D-441CC7B94C4F}.Debug|Any CPU.Build.0 = Debug|Any CPU
		{CE54C8E4-DA76-49DD-A44D-441CC7B94C4F}.Release|Any CPU.ActiveCfg = Release|Any CPU
		{CE54C8E4-DA76-49DD-A44D-441CC7B94C4F}.Release|Any CPU.Build.0 = Release|Any CPU
		{A582B20E-01AB-48CE-97CE-399913C83B4A}.Debug|Any CPU.ActiveCfg = Debug|Any CPU
		{A582B20E-01AB-48CE-97CE-399913C83B4A}.Debug|Any CPU.Build.0 = Debug|Any CPU
		{A582B20E-01AB-48CE-97CE-399913C83B4A}.Release|Any CPU.ActiveCfg = Release|Any CPU
		{A582B20E-01AB-48CE-97CE-399913C83B4A}.Release|Any CPU.Build.0 = Release|Any CPU
		{580D008F-F0E1-4958-8DF7-B3F3D606F55C}.Debug|Any CPU.ActiveCfg = Debug|Any CPU
		{580D008F-F0E1-4958-8DF7-B3F3D606F55C}.Debug|Any CPU.Build.0 = Debug|Any CPU
		{580D008F-F0E1-4958-8DF7-B3F3D606F55C}.Release|Any CPU.ActiveCfg = Release|Any CPU
		{580D008F-F0E1-4958-8DF7-B3F3D606F55C}.Release|Any CPU.Build.0 = Release|Any CPU
		{EA44C28A-0BE3-4DD5-A660-4F123A259E9C}.Debug|Any CPU.ActiveCfg = Debug|Any CPU
		{EA44C28A-0BE3-4DD5-A660-4F123A259E9C}.Debug|Any CPU.Build.0 = Debug|Any CPU
		{EA44C28A-0BE3-4DD5-A660-4F123A259E9C}.Release|Any CPU.ActiveCfg = Release|Any CPU
		{EA44C28A-0BE3-4DD5-A660-4F123A259E9C}.Release|Any CPU.Build.0 = Release|Any CPU
		{F3DBDE71-175C-451A-8356-42B09A6FCC4E}.Debug|Any CPU.ActiveCfg = Debug|Any CPU
		{F3DBDE71-175C-451A-8356-42B09A6FCC4E}.Debug|Any CPU.Build.0 = Debug|Any CPU
		{F3DBDE71-175C-451A-8356-42B09A6FCC4E}.Release|Any CPU.ActiveCfg = Release|Any CPU
		{F3DBDE71-175C-451A-8356-42B09A6FCC4E}.Release|Any CPU.Build.0 = Release|Any CPU
		{95106D08-DC46-4118-BD1F-E040F6BC1E28}.Debug|Any CPU.ActiveCfg = Debug|Any CPU
		{95106D08-DC46-4118-BD1F-E040F6BC1E28}.Debug|Any CPU.Build.0 = Debug|Any CPU
		{95106D08-DC46-4118-BD1F-E040F6BC1E28}.Release|Any CPU.ActiveCfg = Release|Any CPU
		{95106D08-DC46-4118-BD1F-E040F6BC1E28}.Release|Any CPU.Build.0 = Release|Any CPU
		{82002302-588A-4346-A58C-CD5CCF4CA850}.Debug|Any CPU.ActiveCfg = Debug|Any CPU
		{82002302-588A-4346-A58C-CD5CCF4CA850}.Debug|Any CPU.Build.0 = Debug|Any CPU
		{82002302-588A-4346-A58C-CD5CCF4CA850}.Release|Any CPU.ActiveCfg = Release|Any CPU
		{82002302-588A-4346-A58C-CD5CCF4CA850}.Release|Any CPU.Build.0 = Release|Any CPU
		{926AD0A3-83D1-4E2D-BA3B-7BF9F365ECB3}.Debug|Any CPU.ActiveCfg = Debug|Any CPU
		{926AD0A3-83D1-4E2D-BA3B-7BF9F365ECB3}.Debug|Any CPU.Build.0 = Debug|Any CPU
		{926AD0A3-83D1-4E2D-BA3B-7BF9F365ECB3}.Release|Any CPU.ActiveCfg = Release|Any CPU
		{926AD0A3-83D1-4E2D-BA3B-7BF9F365ECB3}.Release|Any CPU.Build.0 = Release|Any CPU
		{E6D6459D-128A-4B36-AFD4-6F00B505F90C}.Debug|Any CPU.ActiveCfg = Debug|Any CPU
		{E6D6459D-128A-4B36-AFD4-6F00B505F90C}.Debug|Any CPU.Build.0 = Debug|Any CPU
		{E6D6459D-128A-4B36-AFD4-6F00B505F90C}.Release|Any CPU.ActiveCfg = Release|Any CPU
		{E6D6459D-128A-4B36-AFD4-6F00B505F90C}.Release|Any CPU.Build.0 = Release|Any CPU
		{BF16CD6E-EAA8-442C-B9FB-353B146D177D}.Debug|Any CPU.ActiveCfg = Debug|Any CPU
		{BF16CD6E-EAA8-442C-B9FB-353B146D177D}.Debug|Any CPU.Build.0 = Debug|Any CPU
		{BF16CD6E-EAA8-442C-B9FB-353B146D177D}.Release|Any CPU.ActiveCfg = Release|Any CPU
		{BF16CD6E-EAA8-442C-B9FB-353B146D177D}.Release|Any CPU.Build.0 = Release|Any CPU
		{3BA8ACDE-8CF2-4AD0-B651-E15A6DCA314B}.Debug|Any CPU.ActiveCfg = Debug|Any CPU
		{3BA8ACDE-8CF2-4AD0-B651-E15A6DCA314B}.Debug|Any CPU.Build.0 = Debug|Any CPU
		{3BA8ACDE-8CF2-4AD0-B651-E15A6DCA314B}.Release|Any CPU.ActiveCfg = Release|Any CPU
		{3BA8ACDE-8CF2-4AD0-B651-E15A6DCA314B}.Release|Any CPU.Build.0 = Release|Any CPU
		{A9D39929-6700-4485-A745-7EFECCE93E3F}.Debug|Any CPU.ActiveCfg = Debug|Any CPU
		{A9D39929-6700-4485-A745-7EFECCE93E3F}.Debug|Any CPU.Build.0 = Debug|Any CPU
		{A9D39929-6700-4485-A745-7EFECCE93E3F}.Release|Any CPU.ActiveCfg = Release|Any CPU
		{A9D39929-6700-4485-A745-7EFECCE93E3F}.Release|Any CPU.Build.0 = Release|Any CPU
		{DB09D551-E10D-48D3-BC46-CC046132DE0D}.Debug|Any CPU.ActiveCfg = Debug|Any CPU
		{DB09D551-E10D-48D3-BC46-CC046132DE0D}.Debug|Any CPU.Build.0 = Debug|Any CPU
		{DB09D551-E10D-48D3-BC46-CC046132DE0D}.Release|Any CPU.ActiveCfg = Release|Any CPU
		{DB09D551-E10D-48D3-BC46-CC046132DE0D}.Release|Any CPU.Build.0 = Release|Any CPU
		{911ED638-22D4-4DE8-9DC0-22A006394163}.Debug|Any CPU.ActiveCfg = Debug|Any CPU
		{911ED638-22D4-4DE8-9DC0-22A006394163}.Debug|Any CPU.Build.0 = Debug|Any CPU
		{911ED638-22D4-4DE8-9DC0-22A006394163}.Release|Any CPU.ActiveCfg = Release|Any CPU
		{911ED638-22D4-4DE8-9DC0-22A006394163}.Release|Any CPU.Build.0 = Release|Any CPU
		{B5F13949-0A8F-4386-8370-663F615D7ACD}.Debug|Any CPU.ActiveCfg = Debug|Any CPU
		{B5F13949-0A8F-4386-8370-663F615D7ACD}.Debug|Any CPU.Build.0 = Debug|Any CPU
		{B5F13949-0A8F-4386-8370-663F615D7ACD}.Release|Any CPU.ActiveCfg = Release|Any CPU
		{B5F13949-0A8F-4386-8370-663F615D7ACD}.Release|Any CPU.Build.0 = Release|Any CPU
	EndGlobalSection
	GlobalSection(NestedProjects) = preSolution
		{A582B20E-01AB-48CE-97CE-399913C83B4A} = {AB4205C6-CB82-4262-A389-C16CFC132E3D}
		{580D008F-F0E1-4958-8DF7-B3F3D606F55C} = {AB4205C6-CB82-4262-A389-C16CFC132E3D}
		{EA44C28A-0BE3-4DD5-A660-4F123A259E9C} = {AB4205C6-CB82-4262-A389-C16CFC132E3D}
		{F3DBDE71-175C-451A-8356-42B09A6FCC4E} = {AB4205C6-CB82-4262-A389-C16CFC132E3D}
		{A46F1FA8-98D3-493F-A6AB-59E073C76DEC} = {4BF9E20A-F093-48FF-8EEE-1787FFEF9D4D}
		{CE54C8E4-DA76-49DD-A44D-441CC7B94C4F} = {574FFA52-B60F-45A2-B530-78BB79AAD715}
		{95106D08-DC46-4118-BD1F-E040F6BC1E28} = {9CB29F0B-47D8-46A8-BE82-75BAB099C036}
		{82002302-588A-4346-A58C-CD5CCF4CA850} = {9CB29F0B-47D8-46A8-BE82-75BAB099C036}
		{926AD0A3-83D1-4E2D-BA3B-7BF9F365ECB3} = {9CB29F0B-47D8-46A8-BE82-75BAB099C036}
		{E6D6459D-128A-4B36-AFD4-6F00B505F90C} = {9CB29F0B-47D8-46A8-BE82-75BAB099C036}
		{BF16CD6E-EAA8-442C-B9FB-353B146D177D} = {4BF9E20A-F093-48FF-8EEE-1787FFEF9D4D}
		{3BA8ACDE-8CF2-4AD0-B651-E15A6DCA314B} = {4BF9E20A-F093-48FF-8EEE-1787FFEF9D4D}
		{A9D39929-6700-4485-A745-7EFECCE93E3F} = {4BF9E20A-F093-48FF-8EEE-1787FFEF9D4D}
		{911ED638-22D4-4DE8-9DC0-22A006394163} = {17AE12B4-7AB2-4968-BD8C-C6676EA2D875}
		{B5F13949-0A8F-4386-8370-663F615D7ACD} = {17AE12B4-7AB2-4968-BD8C-C6676EA2D875}
	EndGlobalSection
EndGlobal
